speakeasyVersion: 1.761.1
sources:
    petstore-oas:
        sourceNamespace: petstore-oas
        sourceRevisionDigest: sha256:c0fbf0012c8c922f191d9bb76a48e0f26afd354de56b37aa77c81748026e3825
        sourceBlobDigest: sha256:53315c094a6ab323e19f8c7d0ccfd4a3847e24ea1983c55da9fddb53a3398383
        tags:
            - latest
            - 1.0.0
targets:
    petstore:
        source: petstore-oas
        sourceNamespace: petstore-oas
        sourceRevisionDigest: sha256:c0fbf0012c8c922f191d9bb76a48e0f26afd354de56b37aa77c81748026e3825
        sourceBlobDigest: sha256:53315c094a6ab323e19f8c7d0ccfd4a3847e24ea1983c55da9fddb53a3398383
workflow:
    workflowVersion: 1.0.0
    speakeasyVersion: latest
    sources:
        petstore-oas:
            inputs:
                - location: openapi.yaml
            overlays:
                - location: .speakeasy/speakeasy-modifications-overlay.yaml
            output: .speakeasy/out.openapi.yaml
            registry:
                location: registry.speakeasyapi.dev/testing-t1e/mcp/petstore-oas
    targets:
        petstore:
            target: mcp-typescript
            source: petstore-oas
